
Microsoft Visual Studio Solution File, Format Version 12.00
# Visual Studio Version 17
VisualStudioVersion = 17.11.35312.102
MinimumVisualStudioVersion = 10.0.40219.1
Project("{9A19103F-16F7-4668-BE54-9A1E7A4F7556}") = "WebAPIDotNetCore8", "WebAPIDotNetCore8\WebAPIDotNetCore8.csproj", "{79D0A212-58DF-4C63-A0AD-FE1183079340}"
EndProject
Project("{54A90642-561A-4BB1-A94E-469ADEE60C69}") = "SuperHeroUI", "SuperHeroUI\SuperHeroUI.esproj", "{F03CDC5E-69D0-4EB7-A3E6-BD396A53FDA7}"
EndProject
Global
	GlobalSection(SolutionConfigurationPlatforms) = preSolution
		Debug|Any CPU = Debug|Any CPU
		Release|Any CPU = Release|Any CPU
	EndGlobalSection
	GlobalSection(ProjectConfigurationPlatforms) = postSolution
		{79D0A212-58DF-4C63-A0AD-FE1183079340}.Debug|Any CPU.ActiveCfg = Debug|Any CPU
		{79D0A212-58DF-4C63-A0AD-FE1183079340}.Debug|Any CPU.Build.0 = Debug|Any CPU
		{79D0A212-58DF-4C63-A0AD-FE1183079340}.Release|Any CPU.ActiveCfg = Release|Any CPU
		{79D0A212-58DF-4C63-A0AD-FE1183079340}.Release|Any CPU.Build.0 = Release|Any CPU
		{F03CDC5E-69D0-4EB7-A3E6-BD396A53FDA7}.Debug|Any CPU.ActiveCfg = Debug|Any CPU
		{F03CDC5E-69D0-4EB7-A3E6-BD396A53FDA7}.Debug|Any CPU.Build.0 = Debug|Any CPU
		{F03CDC5E-69D0-4EB7-A3E6-BD396A53FDA7}.Debug|Any CPU.Deploy.0 = Debug|Any CPU
		{F03CDC5E-69D0-4EB7-A3E6-BD396A53FDA7}.Release|Any CPU.ActiveCfg = Release|Any CPU
		{F03CDC5E-69D0-4EB7-A3E6-BD396A53FDA7}.Release|Any CPU.Build.0 = Release|Any CPU
		{F03CDC5E-69D0-4EB7-A3E6-BD396A53FDA7}.Release|Any CPU.Deploy.0 = Release|Any CPU
	EndGlobalSection
	GlobalSection(SolutionProperties) = preSolution
		HideSolutionNode = FALSE
	EndGlobalSection
	GlobalSection(ExtensibilityGlobals) = postSolution
		SolutionGuid = {F13533F7-17D0-493F-A60D-E3C083524453}
	EndGlobalSection
EndGlobal
